
Microsoft Visual Studio Solution File, Format Version 12.00
# Visual Studio Version 16
VisualStudioVersion = 16.0.31729.503
MinimumVisualStudioVersion = 10.0.40219.1
Project("{FAE04EC0-301F-11D3-BF4B-00C04F79EFBC}") = "wsserver", "wsserver\wsserver.csproj", "{3E133352-04CE-43AC-96C0-E16ED6D80B7C}"
EndProject
Project("{FAE04EC0-301F-11D3-BF4B-00C04F79EFBC}") = "wsclient", "wsclient\wsclient.csproj", "{0D9E5C46-9005-4538-8D1B-E5519522ED8D}"
EndProject
Global
	GlobalSection(SolutionConfigurationPlatforms) = preSolution
		Debug|Any CPU = Debug|Any CPU
		Release|Any CPU = Release|Any CPU
	EndGlobalSection
	GlobalSection(ProjectConfigurationPlatforms) = postSolution
		{3E133352-04CE-43AC-96C0-E16ED6D80B7C}.Debug|Any CPU.ActiveCfg = Debug|Any CPU
		{3E133352-04CE-43AC-96C0-E16ED6D80B7C}.Debug|Any CPU.Build.0 = Debug|Any CPU
		{3E133352-04CE-43AC-96C0-E16ED6D80B7C}.Release|Any CPU.ActiveCfg = Release|Any CPU
		{3E133352-04CE-43AC-96C0-E16ED6D80B7C}.Release|Any CPU.Build.0 = Release|Any CPU
		{0D9E5C46-9005-4538-8D1B-E5519522ED8D}.Debug|Any CPU.ActiveCfg = Debug|Any CPU
		{0D9E5C46-9005-4538-8D1B-E5519522ED8D}.Debug|Any CPU.Build.0 = Debug|Any CPU
		{0D9E5C46-9005-4538-8D1B-E5519522ED8D}.Release|Any CPU.ActiveCfg = Release|Any CPU
		{0D9E5C46-9005-4538-8D1B-E5519522ED8D}.Release|Any CPU.Build.0 = Release|Any CPU
	EndGlobalSection
	GlobalSection(SolutionProperties) = preSolution
		HideSolutionNode = FALSE
	EndGlobalSection
	GlobalSection(ExtensibilityGlobals) = postSolution
		SolutionGuid = {78F0B691-FF1B-4B4C-9B44-058393ECC31F}
	EndGlobalSection
EndGlobal
